
Microsoft Visual Studio Solution File, Format Version 12.00
# Visual Studio Version 17
VisualStudioVersion = 17.14.35805.281
MinimumVisualStudioVersion = 10.0.40219.1
Project("{FAE04EC0-301F-11D3-BF4B-00C04F79EFBC}") = "OtlpTestListener", "OtlpTestListener\OtlpTestListener.csproj", "{C34F18C8-BE31-8272-F5E9-78CB988CFB58}"
EndProject
Global
	GlobalSection(SolutionConfigurationPlatforms) = preSolution
		Debug|Any CPU = Debug|Any CPU
		Release|Any CPU = Release|Any CPU
	EndGlobalSection
	GlobalSection(ProjectConfigurationPlatforms) = postSolution
		{C34F18C8-BE31-8272-F5E9-78CB988CFB58}.Debug|Any CPU.ActiveCfg = Debug|Any CPU
		{C34F18C8-BE31-8272-F5E9-78CB988CFB58}.Debug|Any CPU.Build.0 = Debug|Any CPU
		{C34F18C8-BE31-8272-F5E9-78CB988CFB58}.Release|Any CPU.ActiveCfg = Release|Any CPU
		{C34F18C8-BE31-8272-F5E9-78CB988CFB58}.Release|Any CPU.Build.0 = Release|Any CPU
	EndGlobalSection
	GlobalSection(SolutionProperties) = preSolution
		HideSolutionNode = FALSE
	EndGlobalSection
	GlobalSection(ExtensibilityGlobals) = postSolution
		SolutionGuid = {66A50284-3F80-4714-A56A-65DAC77CDDA6}
	EndGlobalSection
EndGlobal
