
Microsoft Visual Studio Solution File, Format Version 12.00
# Visual Studio Version 17
VisualStudioVersion = 17.0.31903.59
MinimumVisualStudioVersion = 10.0.40219.1
Project("{FAE04EC0-301F-11D3-BF4B-00C04F79EFBC}") = "releasesapi", "releasesapi.csproj", "{5F3BD803-02F6-4CE6-A9E1-1C3F5B21A525}"
EndProject
Global
	GlobalSection(SolutionConfigurationPlatforms) = preSolution
		Debug|Any CPU = Debug|Any CPU
		Release|Any CPU = Release|Any CPU
	EndGlobalSection
	GlobalSection(SolutionProperties) = preSolution
		HideSolutionNode = FALSE
	EndGlobalSection
	GlobalSection(ProjectConfigurationPlatforms) = postSolution
		{5F3BD803-02F6-4CE6-A9E1-1C3F5B21A525}.Debug|Any CPU.ActiveCfg = Debug|Any CPU
		{5F3BD803-02F6-4CE6-A9E1-1C3F5B21A525}.Debug|Any CPU.Build.0 = Debug|Any CPU
		{5F3BD803-02F6-4CE6-A9E1-1C3F5B21A525}.Release|Any CPU.ActiveCfg = Release|Any CPU
		{5F3BD803-02F6-4CE6-A9E1-1C3F5B21A525}.Release|Any CPU.Build.0 = Release|Any CPU
	EndGlobalSection
EndGlobal
