Microsoft Visual Studio Solution File, Format Version 12.00
# Visual Studio 15
VisualStudioVersion = 15.0.27130.2024
MinimumVisualStudioVersion = 15.0.26124.0
Project("{9A19103F-16F7-4668-BE54-9A1E7A4F7556}") = "dotnetapp", "dotnetapp\dotnetapp.csproj", "{694D3029-F31E-4945-8972-557A899D5CDD}"
EndProject
Project("{9A19103F-16F7-4668-BE54-9A1E7A4F7556}") = "utils", "utils\utils.csproj", "{39530D58-BE7D-49CC-A0B0-D3502631DF7E}"
EndProject
Project("{9A19103F-16F7-4668-BE54-9A1E7A4F7556}") = "tests", "tests\tests.csproj", "{150F5901-62BF-4F37-B3E7-6A61C73ACFB1}"
EndProject
Project("{2150E333-8FDC-42A3-9474-1A3956D46DE8}") = "Solution Items", "Solution Items", "{90F9D14D-E209-4E8D-962B-B1FD13751A74}"
	ProjectSection(SolutionItems) = preProject
		.dockerignore = .dockerignore
		Dockerfile = Dockerfile
		README.md = README.md
	EndProjectSection
EndProject
Global
	GlobalSection(SolutionConfigurationPlatforms) = preSolution
		Debug|Any CPU = Debug|Any CPU
		Debug|x64 = Debug|x64
		Debug|x86 = Debug|x86
		Release|Any CPU = Release|Any CPU
		Release|x64 = Release|x64
		Release|x86 = Release|x86
	EndGlobalSection
	GlobalSection(ProjectConfigurationPlatforms) = postSolution
		{694D3029-F31E-4945-8972-557A899D5CDD}.Debug|Any CPU.ActiveCfg = Debug|Any CPU
		{694D3029-F31E-4945-8972-557A899D5CDD}.Debug|Any CPU.Build.0 = Debug|Any CPU
		{694D3029-F31E-4945-8972-557A899D5CDD}.Debug|x64.ActiveCfg = Debug|Any CPU
		{694D3029-F31E-4945-8972-557A899D5CDD}.Debug|x64.Build.0 = Debug|Any CPU
		{694D3029-F31E-4945-8972-557A899D5CDD}.Debug|x86.ActiveCfg = Debug|Any CPU
		{694D3029-F31E-4945-8972-557A899D5CDD}.Debug|x86.Build.0 = Debug|Any CPU
		{694D3029-F31E-4945-8972-557A899D5CDD}.Release|Any CPU.ActiveCfg = Release|Any CPU
		{694D3029-F31E-4945-8972-557A899D5CDD}.Release|Any CPU.Build.0 = Release|Any CPU
		{694D3029-F31E-4945-8972-557A899D5CDD}.Release|x64.ActiveCfg = Release|Any CPU
		{694D3029-F31E-4945-8972-557A899D5CDD}.Release|x64.Build.0 = Release|Any CPU
		{694D3029-F31E-4945-8972-557A899D5CDD}.Release|x86.ActiveCfg = Release|Any CPU
		{694D3029-F31E-4945-8972-557A899D5CDD}.Release|x86.Build.0 = Release|Any CPU
		{39530D58-BE7D-49CC-A0B0-D3502631DF7E}.Debug|Any CPU.ActiveCfg = Debug|Any CPU
		{39530D58-BE7D-49CC-A0B0-D3502631DF7E}.Debug|Any CPU.Build.0 = Debug|Any CPU
		{39530D58-BE7D-49CC-A0B0-D3502631DF7E}.Debug|x64.ActiveCfg = Debug|Any CPU
		{39530D58-BE7D-49CC-A0B0-D3502631DF7E}.Debug|x64.Build.0 = Debug|Any CPU
		{39530D58-BE7D-49CC-A0B0-D3502631DF7E}.Debug|x86.ActiveCfg = Debug|Any CPU
		{39530D58-BE7D-49CC-A0B0-D3502631DF7E}.Debug|x86.Build.0 = Debug|Any CPU
		{39530D58-BE7D-49CC-A0B0-D3502631DF7E}.Release|Any CPU.ActiveCfg = Release|Any CPU
		{39530D58-BE7D-49CC-A0B0-D3502631DF7E}.Release|Any CPU.Build.0 = Release|Any CPU
		{39530D58-BE7D-49CC-A0B0-D3502631DF7E}.Release|x64.ActiveCfg = Release|Any CPU
		{39530D58-BE7D-49CC-A0B0-D3502631DF7E}.Release|x64.Build.0 = Release|Any CPU
		{39530D58-BE7D-49CC-A0B0-D3502631DF7E}.Release|x86.ActiveCfg = Release|Any CPU
		{39530D58-BE7D-49CC-A0B0-D3502631DF7E}.Release|x86.Build.0 = Release|Any CPU
		{150F5901-62BF-4F37-B3E7-6A61C73ACFB1}.Debug|Any CPU.ActiveCfg = Debug|Any CPU
		{150F5901-62BF-4F37-B3E7-6A61C73ACFB1}.Debug|Any CPU.Build.0 = Debug|Any CPU
		{150F5901-62BF-4F37-B3E7-6A61C73ACFB1}.Debug|x64.ActiveCfg = Debug|Any CPU
		{150F5901-62BF-4F37-B3E7-6A61C73ACFB1}.Debug|x64.Build.0 = Debug|Any CPU
		{150F5901-62BF-4F37-B3E7-6A61C73ACFB1}.Debug|x86.ActiveCfg = Debug|Any CPU
		{150F5901-62BF-4F37-B3E7-6A61C73ACFB1}.Debug|x86.Build.0 = Debug|Any CPU
		{150F5901-62BF-4F37-B3E7-6A61C73ACFB1}.Release|Any CPU.ActiveCfg = Release|Any CPU
		{150F5901-62BF-4F37-B3E7-6A61C73ACFB1}.Release|Any CPU.Build.0 = Release|Any CPU
		{150F5901-62BF-4F37-B3E7-6A61C73ACFB1}.Release|x64.ActiveCfg = Release|Any CPU
		{150F5901-62BF-4F37-B3E7-6A61C73ACFB1}.Release|x64.Build.0 = Release|Any CPU
		{150F5901-62BF-4F37-B3E7-6A61C73ACFB1}.Release|x86.ActiveCfg = Release|Any CPU
		{150F5901-62BF-4F37-B3E7-6A61C73ACFB1}.Release|x86.Build.0 = Release|Any CPU
	EndGlobalSection
	GlobalSection(SolutionProperties) = preSolution
		HideSolutionNode = FALSE
	EndGlobalSection
	GlobalSection(ExtensibilityGlobals) = postSolution
		SolutionGuid = {8EED988E-EEFE-4B46-8C27-B94B69544AAC}
	EndGlobalSection
EndGlobal
