
Microsoft Visual Studio Solution File, Format Version 12.00
# Visual Studio Version 17
VisualStudioVersion = 17.0.31903.59
MinimumVisualStudioVersion = 10.0.40219.1
Project("{FAE04EC0-301F-11D3-BF4B-00C04F79EFBC}") = "update-dependencies", "update-dependencies.csproj", "{494B3B6A-69AF-4C95-9B66-CF59E0594168}"
EndProject
Global
	GlobalSection(SolutionConfigurationPlatforms) = preSolution
		Debug|Any CPU = Debug|Any CPU
		Release|Any CPU = Release|Any CPU
	EndGlobalSection
	GlobalSection(SolutionProperties) = preSolution
		HideSolutionNode = FALSE
	EndGlobalSection
	GlobalSection(ProjectConfigurationPlatforms) = postSolution
		{494B3B6A-69AF-4C95-9B66-CF59E0594168}.Debug|Any CPU.ActiveCfg = Debug|Any CPU
		{494B3B6A-69AF-4C95-9B66-CF59E0594168}.Debug|Any CPU.Build.0 = Debug|Any CPU
		{494B3B6A-69AF-4C95-9B66-CF59E0594168}.Release|Any CPU.ActiveCfg = Release|Any CPU
		{494B3B6A-69AF-4C95-9B66-CF59E0594168}.Release|Any CPU.Build.0 = Release|Any CPU
	EndGlobalSection
EndGlobal
